Microsoft Visual Studio Solution File, Format Version 12.00
# Visual Studio Version 17
VisualStudioVersion = 17.5.2.0
MinimumVisualStudioVersion = 10.0.40219.1
Project("{FAE04EC0-301F-11D3-BF4B-00C04F79EFBC}") = "TrainingProgram.Api", "TrainingProgram.Api\TrainingProgram.Api.csproj", "{939A4AE8-71A7-631B-95DB-765C8AD9DF2B}"
EndProject
Global
	GlobalSection(SolutionConfigurationPlatforms) = preSolution
		Debug|Any CPU = Debug|Any CPU
		Release|Any CPU = Release|Any CPU
	EndGlobalSection
	GlobalSection(ProjectConfigurationPlatforms) = postSolution
		{939A4AE8-71A7-631B-95DB-765C8AD9DF2B}.Debug|Any CPU.ActiveCfg = Debug|Any CPU
		{939A4AE8-71A7-631B-95DB-765C8AD9DF2B}.Debug|Any CPU.Build.0 = Debug|Any CPU
		{939A4AE8-71A7-631B-95DB-765C8AD9DF2B}.Release|Any CPU.ActiveCfg = Release|Any CPU
		{939A4AE8-71A7-631B-95DB-765C8AD9DF2B}.Release|Any CPU.Build.0 = Release|Any CPU
	EndGlobalSection
	GlobalSection(SolutionProperties) = preSolution
		HideSolutionNode = FALSE
	EndGlobalSection
	GlobalSection(ExtensibilityGlobals) = postSolution
		SolutionGuid = {8FD39FE7-0B28-4BD6-9D6F-40A45C622D4E}
	EndGlobalSection
EndGlobal
